
Microsoft Visual Studio Solution File, Format Version 12.00
# Visual Studio 2013
VisualStudioVersion = 12.0.30723.0
MinimumVisualStudioVersion = 10.0.40219.1
Project("{FAE04EC0-301F-11D3-BF4B-00C04F79EFBC}") = "hackncf14", "hackncf14\hackncf14.csproj", "{37D92071-CCD8-4AC0-9D30-C65940EF5575}"
EndProject
Project("{FAE04EC0-301F-11D3-BF4B-00C04F79EFBC}") = "DataModel", "DataModel\DataModel.csproj", "{AEA67F52-8B4D-4268-9F95-31A42E9A703C}"
EndProject
Global
	GlobalSection(SolutionConfigurationPlatforms) = preSolution
		Debug|Any CPU = Debug|Any CPU
		Debug|ARM = Debug|ARM
		Debug|x64 = Debug|x64
		Debug|x86 = Debug|x86
		Release|Any CPU = Release|Any CPU
		Release|ARM = Release|ARM
		Release|x64 = Release|x64
		Release|x86 = Release|x86
	EndGlobalSection
	GlobalSection(ProjectConfigurationPlatforms) = postSolution
		{37D92071-CCD8-4AC0-9D30-C65940EF5575}.Debug|Any CPU.ActiveCfg = Debug|Any CPU
		{37D92071-CCD8-4AC0-9D30-C65940EF5575}.Debug|Any CPU.Build.0 = Debug|Any CPU
		{37D92071-CCD8-4AC0-9D30-C65940EF5575}.Debug|Any CPU.Deploy.0 = Debug|Any CPU
		{37D92071-CCD8-4AC0-9D30-C65940EF5575}.Debug|ARM.ActiveCfg = Debug|ARM
		{37D92071-CCD8-4AC0-9D30-C65940EF5575}.Debug|ARM.Build.0 = Debug|ARM
		{37D92071-CCD8-4AC0-9D30-C65940EF5575}.Debug|ARM.Deploy.0 = Debug|ARM
		{37D92071-CCD8-4AC0-9D30-C65940EF5575}.Debug|x64.ActiveCfg = Debug|x64
		{37D92071-CCD8-4AC0-9D30-C65940EF5575}.Debug|x64.Build.0 = Debug|x64
		{37D92071-CCD8-4AC0-9D30-C65940EF5575}.Debug|x64.Deploy.0 = Debug|x64
		{37D92071-CCD8-4AC0-9D30-C65940EF5575}.Debug|x86.ActiveCfg = Debug|x86
		{37D92071-CCD8-4AC0-9D30-C65940EF5575}.Debug|x86.Build.0 = Debug|x86
		{37D92071-CCD8-4AC0-9D30-C65940EF5575}.Debug|x86.Deploy.0 = Debug|x86
		{37D92071-CCD8-4AC0-9D30-C65940EF5575}.Release|Any CPU.ActiveCfg = Release|Any CPU
		{37D92071-CCD8-4AC0-9D30-C65940EF5575}.Release|Any CPU.Build.0 = Release|Any CPU
		{37D92071-CCD8-4AC0-9D30-C65940EF5575}.Release|Any CPU.Deploy.0 = Release|Any CPU
		{37D92071-CCD8-4AC0-9D30-C65940EF5575}.Release|ARM.ActiveCfg = Release|ARM
		{37D92071-CCD8-4AC0-9D30-C65940EF5575}.Release|ARM.Build.0 = Release|ARM
		{37D92071-CCD8-4AC0-9D30-C65940EF5575}.Release|ARM.Deploy.0 = Release|ARM
		{37D92071-CCD8-4AC0-9D30-C65940EF5575}.Release|x64.ActiveCfg = Release|x64
		{37D92071-CCD8-4AC0-9D30-C65940EF5575}.Release|x64.Build.0 = Release|x64
		{37D92071-CCD8-4AC0-9D30-C65940EF5575}.Release|x64.Deploy.0 = Release|x64
		{37D92071-CCD8-4AC0-9D30-C65940EF5575}.Release|x86.ActiveCfg = Release|x86
		{37D92071-CCD8-4AC0-9D30-C65940EF5575}.Release|x86.Build.0 = Release|x86
		{37D92071-CCD8-4AC0-9D30-C65940EF5575}.Release|x86.Deploy.0 = Release|x86
		{AEA67F52-8B4D-4268-9F95-31A42E9A703C}.Debug|Any CPU.ActiveCfg = Debug|Any CPU
		{AEA67F52-8B4D-4268-9F95-31A42E9A703C}.Debug|Any CPU.Build.0 = Debug|Any CPU
		{AEA67F52-8B4D-4268-9F95-31A42E9A703C}.Debug|ARM.ActiveCfg = Debug|Any CPU
		{AEA67F52-8B4D-4268-9F95-31A42E9A703C}.Debug|x64.ActiveCfg = Debug|Any CPU
		{AEA67F52-8B4D-4268-9F95-31A42E9A703C}.Debug|x86.ActiveCfg = Debug|Any CPU
		{AEA67F52-8B4D-4268-9F95-31A42E9A703C}.Release|Any CPU.ActiveCfg = Release|Any CPU
		{AEA67F52-8B4D-4268-9F95-31A42E9A703C}.Release|Any CPU.Build.0 = Release|Any CPU
		{AEA67F52-8B4D-4268-9F95-31A42E9A703C}.Release|ARM.ActiveCfg = Release|Any CPU
		{AEA67F52-8B4D-4268-9F95-31A42E9A703C}.Release|x64.ActiveCfg = Release|Any CPU
		{AEA67F52-8B4D-4268-9F95-31A42E9A703C}.Release|x86.ActiveCfg = Release|Any CPU
	EndGlobalSection
	GlobalSection(SolutionProperties) = preSolution
		HideSolutionNode = FALSE
	EndGlobalSection
EndGlobal
